
Microsoft Visual Studio Solution File, Format Version 12.00
# Visual Studio Version 16
VisualStudioVersion = 16.0.30011.22
MinimumVisualStudioVersion = 10.0.40219.1
Project("{9A19103F-16F7-4668-BE54-9A1E7A4F7556}") = "Clase1 .net core", "Clase1 .net core\Clase1 .net core.csproj", "{280B3C40-B022-4165-869B-263F00CD43DA}"
EndProject
Global
	GlobalSection(SolutionConfigurationPlatforms) = preSolution
		Debug|Any CPU = Debug|Any CPU
		Release|Any CPU = Release|Any CPU
	EndGlobalSection
	GlobalSection(ProjectConfigurationPlatforms) = postSolution
		{280B3C40-B022-4165-869B-263F00CD43DA}.Debug|Any CPU.ActiveCfg = Debug|Any CPU
		{280B3C40-B022-4165-869B-263F00CD43DA}.Debug|Any CPU.Build.0 = Debug|Any CPU
		{280B3C40-B022-4165-869B-263F00CD43DA}.Release|Any CPU.ActiveCfg = Release|Any CPU
		{280B3C40-B022-4165-869B-263F00CD43DA}.Release|Any CPU.Build.0 = Release|Any CPU
	EndGlobalSection
	GlobalSection(SolutionProperties) = preSolution
		HideSolutionNode = FALSE
	EndGlobalSection
	GlobalSection(ExtensibilityGlobals) = postSolution
		SolutionGuid = {30D74318-FBFC-4144-BD97-B35D34498C0C}
	EndGlobalSection
EndGlobal
