
Microsoft Visual Studio Solution File, Format Version 12.00
# Visual Studio Version 16
VisualStudioVersion = 16.0.30011.22
MinimumVisualStudioVersion = 10.0.40219.1
Project("{FAE04EC0-301F-11D3-BF4B-00C04F79EFBC}") = "Pilas_Y_Colas", "Pilas_Y_Colas\Pilas_Y_Colas.csproj", "{C266621E-A81F-4EAF-9A96-E04314149C02}"
EndProject
Global
	GlobalSection(SolutionConfigurationPlatforms) = preSolution
		Debug|Any CPU = Debug|Any CPU
		Release|Any CPU = Release|Any CPU
	EndGlobalSection
	GlobalSection(ProjectConfigurationPlatforms) = postSolution
		{C266621E-A81F-4EAF-9A96-E04314149C02}.Debug|Any CPU.ActiveCfg = Debug|Any CPU
		{C266621E-A81F-4EAF-9A96-E04314149C02}.Debug|Any CPU.Build.0 = Debug|Any CPU
		{C266621E-A81F-4EAF-9A96-E04314149C02}.Release|Any CPU.ActiveCfg = Release|Any CPU
		{C266621E-A81F-4EAF-9A96-E04314149C02}.Release|Any CPU.Build.0 = Release|Any CPU
	EndGlobalSection
	GlobalSection(SolutionProperties) = preSolution
		HideSolutionNode = FALSE
	EndGlobalSection
	GlobalSection(ExtensibilityGlobals) = postSolution
		SolutionGuid = {E8CC9B8E-2BBA-4F6E-A201-3B2040164D9A}
	EndGlobalSection
EndGlobal
